
Microsoft Visual Studio Solution File, Format Version 12.00
# Visual Studio 2012
Project("{8BC9CEB8-8B4A-11D0-8D11-00A0C91BC942}") = "TiffSnap", "TiffSnap.vcxproj", "{2B32F470-DDDE-4BF8-980C-785F9AA26B57}"
EndProject
Global
	GlobalSection(SolutionConfigurationPlatforms) = preSolution
		Debug|Win32 = Debug|Win32
		Deploy|Win32 = Deploy|Win32
	EndGlobalSection
	GlobalSection(ProjectConfigurationPlatforms) = postSolution
		{2B32F470-DDDE-4BF8-980C-785F9AA26B57}.Debug|Win32.ActiveCfg = Debug|Win32
		{2B32F470-DDDE-4BF8-980C-785F9AA26B57}.Debug|Win32.Build.0 = Debug|Win32
		{2B32F470-DDDE-4BF8-980C-785F9AA26B57}.Deploy|Win32.ActiveCfg = Deploy|Win32
		{2B32F470-DDDE-4BF8-980C-785F9AA26B57}.Deploy|Win32.Deploy.0 = Deploy|Win32
	EndGlobalSection
	GlobalSection(SolutionProperties) = preSolution
		HideSolutionNode = FALSE
	EndGlobalSection
EndGlobal
